{
  "nodes": {
    "cargo-chef": {
      "flake": false,
      "locked": {
        "lastModified": 1672901199,
        "narHash": "sha256-MHTuR4aQ1rQaBKx1vWDy2wbvcT0ZAzpkVB2zylSC+k0=",
        "owner": "LukeMathWalker",
        "repo": "cargo-chef",
        "rev": "5c9f11578a2e0783cce27666737d50f84510b8b5",
        "type": "github"
      },
      "original": {
        "owner": "LukeMathWalker",
        "ref": "main",
        "repo": "cargo-chef",
        "type": "github"
      }
    },
    "cargo-chef_2": {
      "flake": false,
      "locked": {
        "lastModified": 1681371834,
        "narHash": "sha256-lUt3JLvQFxWGsQpMnJBVGWGenbxLPE5Ydfrh+3yIlbg=",
        "owner": "LukeMathWalker",
        "repo": "cargo-chef",
        "rev": "4194b7fa640a2a1a71b0dfd03edd8ad8d1738af9",
        "type": "github"
      },
      "original": {
        "owner": "LukeMathWalker",
        "ref": "main",
        "repo": "cargo-chef",
        "type": "github"
      }
    },
    "cargo-rdme": {
      "flake": false,
      "locked": {
        "lastModified": 1675118998,
        "narHash": "sha256-lrYWqu3h88fr8gG3Yo5GbFGYaq5/1Os7UtM+Af0Bg4k=",
        "owner": "orium",
        "repo": "cargo-rdme",
        "rev": "f9dbb6bccc078f4869f45ae270a2890ac9a75877",
        "type": "github"
      },
      "original": {
        "owner": "orium",
        "ref": "v1.1.0",
        "repo": "cargo-rdme",
        "type": "github"
      }
    },
    "cargo-rdme_2": {
      "flake": false,
      "locked": {
        "lastModified": 1675118998,
        "narHash": "sha256-lrYWqu3h88fr8gG3Yo5GbFGYaq5/1Os7UtM+Af0Bg4k=",
        "owner": "orium",
        "repo": "cargo-rdme",
        "rev": "f9dbb6bccc078f4869f45ae270a2890ac9a75877",
        "type": "github"
      },
      "original": {
        "owner": "orium",
        "ref": "v1.1.0",
        "repo": "cargo-rdme",
        "type": "github"
      }
    },
    "crane": {
      "inputs": {
        "flake-compat": "flake-compat",
        "flake-utils": "flake-utils",
        "nixpkgs": [
          "holonix",
          "nixpkgs"
        ],
        "rust-overlay": "rust-overlay"
      },
      "locked": {
        "lastModified": 1675475924,
        "narHash": "sha256-KWdfV9a6+zG6Ij/7PZYLnomjBZZUu8gdRy+hfjGrrJQ=",
        "owner": "ipetkov",
        "repo": "crane",
        "rev": "1bde9c762ebf26de9f8ecf502357c92105bc4577",
        "type": "github"
      },
      "original": {
        "owner": "ipetkov",
        "repo": "crane",
        "type": "github"
      }
    },
    "crane_2": {
      "inputs": {
        "flake-compat": "flake-compat_3",
        "flake-utils": "flake-utils_3",
        "nixpkgs": [
          "holonix",
          "versions",
          "nixpkgs"
        ],
        "rust-overlay": "rust-overlay_3"
      },
      "locked": {
        "lastModified": 1681177078,
        "narHash": "sha256-ZNIjBDou2GOabcpctiQykEQVkI8BDwk7TyvlWlI4myE=",
        "owner": "ipetkov",
        "repo": "crane",
        "rev": "0c9f468ff00576577d83f5019a66c557ede5acf6",
        "type": "github"
      },
      "original": {
        "owner": "ipetkov",
        "repo": "crane",
        "type": "github"
      }
    },
    "crate2nix": {
      "flake": false,
      "locked": {
        "lastModified": 1675642992,
        "narHash": "sha256-uDBDZuiq7qyg82Udp82/r4zg5HKfIzBQqgl2U9THiQM=",
        "owner": "kolloch",
        "repo": "crate2nix",
        "rev": "45fc83132c8c91c77a1cd61fe0c945411d1edba8",
        "type": "github"
      },
      "original": {
        "owner": "kolloch",
        "repo": "crate2nix",
        "type": "github"
      }
    },
    "crate2nix_2": {
      "flake": false,
      "locked": {
        "lastModified": 1681086579,
        "narHash": "sha256-MEcdG7EXkFsmrTo1/X5tq7UDFY6enHdl65k0wbTCuD0=",
        "owner": "kolloch",
        "repo": "crate2nix",
        "rev": "1b042dab3928aaa37421a83d4e1023e7a79527e2",
        "type": "github"
      },
      "original": {
        "owner": "kolloch",
        "repo": "crate2nix",
        "type": "github"
      }
    },
    "flake-compat": {
      "flake": false,
      "locked": {
        "lastModified": 1673956053,
        "narHash": "sha256-4gtG9iQuiKITOjNQQeQIpoIB6b16fm+504Ch3sNKLd8=",
        "owner": "edolstra",
        "repo": "flake-compat",
        "rev": "35bb57c0c8d8b62bbfd284272c928ceb64ddbde9",
        "type": "github"
      },
      "original": {
        "owner": "edolstra",
        "repo": "flake-compat",
        "type": "github"
      }
    },
    "flake-compat_2": {
      "flake": false,
      "locked": {
        "lastModified": 1673956053,
        "narHash": "sha256-4gtG9iQuiKITOjNQQeQIpoIB6b16fm+504Ch3sNKLd8=",
        "owner": "edolstra",
        "repo": "flake-compat",
        "rev": "35bb57c0c8d8b62bbfd284272c928ceb64ddbde9",
        "type": "github"
      },
      "original": {
        "owner": "edolstra",
        "repo": "flake-compat",
        "type": "github"
      }
    },
    "flake-compat_3": {
      "flake": false,
      "locked": {
        "lastModified": 1673956053,
        "narHash": "sha256-4gtG9iQuiKITOjNQQeQIpoIB6b16fm+504Ch3sNKLd8=",
        "owner": "edolstra",
        "repo": "flake-compat",
        "rev": "35bb57c0c8d8b62bbfd284272c928ceb64ddbde9",
        "type": "github"
      },
      "original": {
        "owner": "edolstra",
        "repo": "flake-compat",
        "type": "github"
      }
    },
    "flake-compat_4": {
      "flake": false,
      "locked": {
        "lastModified": 1673956053,
        "narHash": "sha256-4gtG9iQuiKITOjNQQeQIpoIB6b16fm+504Ch3sNKLd8=",
        "owner": "edolstra",
        "repo": "flake-compat",
        "rev": "35bb57c0c8d8b62bbfd284272c928ceb64ddbde9",
        "type": "github"
      },
      "original": {
        "owner": "edolstra",
        "repo": "flake-compat",
        "type": "github"
      }
    },
    "flake-parts": {
      "inputs": {
        "nixpkgs-lib": "nixpkgs-lib"
      },
      "locked": {
        "lastModified": 1675295133,
        "narHash": "sha256-dU8fuLL98WFXG0VnRgM00bqKX6CEPBLybhiIDIgO45o=",
        "owner": "hercules-ci",
        "repo": "flake-parts",
        "rev": "bf53492df08f3178ce85e0c9df8ed8d03c030c9f",
        "type": "github"
      },
      "original": {
        "id": "flake-parts",
        "type": "indirect"
      }
    },
    "flake-parts_2": {
      "inputs": {
        "nixpkgs-lib": "nixpkgs-lib_2"
      },
      "locked": {
        "lastModified": 1680392223,
        "narHash": "sha256-n3g7QFr85lDODKt250rkZj2IFS3i4/8HBU2yKHO3tqw=",
        "owner": "hercules-ci",
        "repo": "flake-parts",
        "rev": "dcc36e45d054d7bb554c9cdab69093debd91a0b5",
        "type": "github"
      },
      "original": {
        "id": "flake-parts",
        "type": "indirect"
      }
    },
    "flake-utils": {
      "locked": {
        "lastModified": 1667395993,
        "narHash": "sha256-nuEHfE/LcWyuSWnS8t12N1wc105Qtau+/OdUAjtQ0rA=",
        "owner": "numtide",
        "repo": "flake-utils",
        "rev": "5aed5285a952e0b949eb3ba02c12fa4fcfef535f",
        "type": "github"
      },
      "original": {
        "owner": "numtide",
        "repo": "flake-utils",
        "type": "github"
      }
    },
    "flake-utils_2": {
      "inputs": {
        "systems": "systems"
      },
      "locked": {
        "lastModified": 1681202837,
        "narHash": "sha256-H+Rh19JDwRtpVPAWp64F+rlEtxUWBAQW28eAi3SRSzg=",
        "owner": "numtide",
        "repo": "flake-utils",
        "rev": "cfacdce06f30d2b68473a46042957675eebb3401",
        "type": "github"
      },
      "original": {
        "owner": "numtide",
        "repo": "flake-utils",
        "type": "github"
      }
    },
    "flake-utils_3": {
      "locked": {
        "lastModified": 1678901627,
        "narHash": "sha256-U02riOqrKKzwjsxc/400XnElV+UtPUQWpANPlyazjH0=",
        "owner": "numtide",
        "repo": "flake-utils",
        "rev": "93a2b84fc4b70d9e089d029deacc3583435c2ed6",
        "type": "github"
      },
      "original": {
        "owner": "numtide",
        "repo": "flake-utils",
        "type": "github"
      }
    },
    "flake-utils_4": {
      "inputs": {
        "systems": "systems_2"
      },
      "locked": {
        "lastModified": 1681202837,
        "narHash": "sha256-H+Rh19JDwRtpVPAWp64F+rlEtxUWBAQW28eAi3SRSzg=",
        "owner": "numtide",
        "repo": "flake-utils",
        "rev": "cfacdce06f30d2b68473a46042957675eebb3401",
        "type": "github"
      },
      "original": {
        "owner": "numtide",
        "repo": "flake-utils",
        "type": "github"
      }
    },
    "holochain": {
      "flake": false,
      "locked": {
        "lastModified": 1675455504,
        "narHash": "sha256-619bpPtO0IUSzPzLNzHERuvqGblpjO65rsw3jdxoEkQ=",
        "owner": "holochain",
        "repo": "holochain",
        "rev": "ed5b7bb461c2a8bfd4d2633bad604a20b8f2da03",
        "type": "github"
      },
      "original": {
        "owner": "holochain",
        "ref": "holochain-0.1.3",
        "repo": "holochain",
        "type": "github"
      }
    },
    "holonix": {
      "inputs": {
        "cargo-chef": "cargo-chef",
        "cargo-rdme": "cargo-rdme",
        "crane": "crane",
        "crate2nix": "crate2nix",
        "flake-compat": "flake-compat_2",
        "flake-parts": "flake-parts",
        "holochain": [
          "holonix",
          "versions",
          "holochain"
        ],
        "lair": [
          "holonix",
          "versions",
          "lair"
        ],
        "launcher": [
          "holonix",
          "versions",
          "launcher"
        ],
        "nix-filter": "nix-filter",
        "nixpkgs": "nixpkgs",
        "pre-commit-hooks-nix": "pre-commit-hooks-nix",
        "rust-overlay": "rust-overlay_2",
        "scaffolding": [
          "holonix",
          "versions",
          "scaffolding"
        ],
        "versions": "versions"
      },
      "locked": {
        "lastModified": 1681491581,
        "narHash": "sha256-MBhvKTohB8K3a885arndrga0e2DT9CL0RiwvMmGOXHc=",
        "owner": "holochain",
        "repo": "holochain",
        "rev": "4cc46870aa8647e6e9da8a792788c979049b3218",
        "type": "github"
      },
      "original": {
        "owner": "holochain",
        "repo": "holochain",
        "type": "github"
      }
    },
    "lair": {
      "flake": false,
      "locked": {
        "lastModified": 1670953460,
        "narHash": "sha256-cqOr7iWzsNeomYQiiFggzG5Dr4X0ysnTkjtA8iwDLAQ=",
        "owner": "holochain",
        "repo": "lair",
        "rev": "cbfbefefe43073904a914c8181a450209a74167b",
        "type": "github"
      },
      "original": {
        "owner": "holochain",
        "ref": "lair_keystore-v0.2.3",
        "repo": "lair",
        "type": "github"
      }
    },
    "launcher": {
      "flake": false,
      "locked": {
        "lastModified": 1677270906,
        "narHash": "sha256-/xT//6nqhjpKLMMv41JE0W3H5sE9jKMr8Dedr88D4N8=",
        "owner": "holochain",
        "repo": "launcher",
        "rev": "1ad188a43900c139e52df10a21e3722f41dfb967",
        "type": "github"
      },
      "original": {
        "owner": "holochain",
        "ref": "holochain-0.1",
        "repo": "launcher",
        "type": "github"
      }
    },
    "nix-filter": {
      "locked": {
        "lastModified": 1675361037,
        "narHash": "sha256-CTbDuDxFD3U3g/dWUB+r+B/snIe+qqP1R+1myuFGe2I=",
        "owner": "numtide",
        "repo": "nix-filter",
        "rev": "e1b2f96c2a31415f362268bc48c3fccf47dff6eb",
        "type": "github"
      },
      "original": {
        "owner": "numtide",
        "repo": "nix-filter",
        "type": "github"
      }
    },
    "nix-filter_2": {
      "locked": {
        "lastModified": 1681154353,
        "narHash": "sha256-MCJ5FHOlbfQRFwN0brqPbCunLEVw05D/3sRVoNVt2tI=",
        "owner": "numtide",
        "repo": "nix-filter",
        "rev": "f529f42792ade8e32c4be274af6b6d60857fbee7",
        "type": "github"
      },
      "original": {
        "owner": "numtide",
        "repo": "nix-filter",
        "type": "github"
      }
    },
    "nixpkgs": {
      "locked": {
        "lastModified": 1681303793,
        "narHash": "sha256-JEdQHsYuCfRL2PICHlOiH/2ue3DwoxUX7DJ6zZxZXFk=",
        "owner": "NixOS",
        "repo": "nixpkgs",
        "rev": "fe2ecaf706a5907b5e54d979fbde4924d84b65fc",
        "type": "github"
      },
      "original": {
        "id": "nixpkgs",
        "ref": "nixos-unstable",
        "type": "indirect"
      }
    },
    "nixpkgs-lib": {
      "locked": {
        "dir": "lib",
        "lastModified": 1675183161,
        "narHash": "sha256-Zq8sNgAxDckpn7tJo7V1afRSk2eoVbu3OjI1QklGLNg=",
        "owner": "NixOS",
        "repo": "nixpkgs",
        "rev": "e1e1b192c1a5aab2960bf0a0bd53a2e8124fa18e",
        "type": "github"
      },
      "original": {
        "dir": "lib",
        "owner": "NixOS",
        "ref": "nixos-unstable",
        "repo": "nixpkgs",
        "type": "github"
      }
    },
    "nixpkgs-lib_2": {
      "locked": {
        "dir": "lib",
        "lastModified": 1680213900,
        "narHash": "sha256-cIDr5WZIj3EkKyCgj/6j3HBH4Jj1W296z7HTcWj1aMA=",
        "owner": "NixOS",
        "repo": "nixpkgs",
        "rev": "e3652e0735fbec227f342712f180f4f21f0594f2",
        "type": "github"
      },
      "original": {
        "dir": "lib",
        "owner": "NixOS",
        "ref": "nixos-unstable",
        "repo": "nixpkgs",
        "type": "github"
      }
    },
    "nixpkgs_2": {
      "locked": {
        "lastModified": 1681303793,
        "narHash": "sha256-JEdQHsYuCfRL2PICHlOiH/2ue3DwoxUX7DJ6zZxZXFk=",
        "owner": "NixOS",
        "repo": "nixpkgs",
        "rev": "fe2ecaf706a5907b5e54d979fbde4924d84b65fc",
        "type": "github"
      },
      "original": {
        "id": "nixpkgs",
        "ref": "nixos-unstable",
        "type": "indirect"
      }
    },
    "pre-commit-hooks-nix": {
      "flake": false,
      "locked": {
        "lastModified": 1676513100,
        "narHash": "sha256-MK39nQV86L2ag4TmcK5/+r1ULpzRLPbbfvWbPvIoYJE=",
        "owner": "cachix",
        "repo": "pre-commit-hooks.nix",
        "rev": "5f0cba88ac4d6dd8cad5c6f6f1540b3d6a21a798",
        "type": "github"
      },
      "original": {
        "owner": "cachix",
        "repo": "pre-commit-hooks.nix",
        "type": "github"
      }
    },
    "pre-commit-hooks-nix_2": {
      "flake": false,
      "locked": {
        "lastModified": 1681413034,
        "narHash": "sha256-/t7OjNQcNkeWeSq/CFLYVBfm+IEnkjoSm9iKvArnUUI=",
        "owner": "cachix",
        "repo": "pre-commit-hooks.nix",
        "rev": "d3de8f69ca88fb6f8b09e5b598be5ac98d28ede5",
        "type": "github"
      },
      "original": {
        "owner": "cachix",
        "repo": "pre-commit-hooks.nix",
        "type": "github"
      }
    },
    "root": {
      "inputs": {
        "holonix": "holonix",
        "nixpkgs": [
          "holonix",
          "nixpkgs"
        ]
      }
    },
    "rust-overlay": {
      "inputs": {
        "flake-utils": [
          "holonix",
          "crane",
          "flake-utils"
        ],
        "nixpkgs": [
          "holonix",
          "crane",
          "nixpkgs"
        ]
      },
      "locked": {
        "lastModified": 1675391458,
        "narHash": "sha256-ukDKZw922BnK5ohL9LhwtaDAdCsJL7L6ScNEyF1lO9w=",
        "owner": "oxalica",
        "repo": "rust-overlay",
        "rev": "383a4acfd11d778d5c2efcf28376cbd845eeaedf",
        "type": "github"
      },
      "original": {
        "owner": "oxalica",
        "repo": "rust-overlay",
        "type": "github"
      }
    },
    "rust-overlay_2": {
      "inputs": {
        "flake-utils": "flake-utils_2",
        "nixpkgs": [
          "holonix",
          "nixpkgs"
        ]
      },
      "locked": {
        "lastModified": 1681438695,
        "narHash": "sha256-TSDCZwJ+mp1qOoOAvgK6hXeqn7wNacWT9RTxBJ6aZj4=",
        "owner": "oxalica",
        "repo": "rust-overlay",
        "rev": "db7bf4a2dd295adeeaa809d36387098926a15487",
        "type": "github"
      },
      "original": {
        "owner": "oxalica",
        "repo": "rust-overlay",
        "type": "github"
      }
    },
    "rust-overlay_3": {
      "inputs": {
        "flake-utils": [
          "holonix",
          "versions",
          "crane",
          "flake-utils"
        ],
        "nixpkgs": [
          "holonix",
          "versions",
          "crane",
          "nixpkgs"
        ]
      },
      "locked": {
        "lastModified": 1680488274,
        "narHash": "sha256-0vYMrZDdokVmPQQXtFpnqA2wEgCCUXf5a3dDuDVshn0=",
        "owner": "oxalica",
        "repo": "rust-overlay",
        "rev": "7ec2ff598a172c6e8584457167575b3a1a5d80d8",
        "type": "github"
      },
      "original": {
        "owner": "oxalica",
        "repo": "rust-overlay",
        "type": "github"
      }
    },
    "rust-overlay_4": {
      "inputs": {
        "flake-utils": "flake-utils_4",
        "nixpkgs": [
          "holonix",
          "versions",
          "nixpkgs"
        ]
      },
      "locked": {
        "lastModified": 1681438695,
        "narHash": "sha256-TSDCZwJ+mp1qOoOAvgK6hXeqn7wNacWT9RTxBJ6aZj4=",
        "owner": "oxalica",
        "repo": "rust-overlay",
        "rev": "db7bf4a2dd295adeeaa809d36387098926a15487",
        "type": "github"
      },
      "original": {
        "owner": "oxalica",
        "repo": "rust-overlay",
        "type": "github"
      }
    },
    "scaffolding": {
      "flake": false,
      "locked": {
        "lastModified": 1677514461,
        "narHash": "sha256-xflYnH6whXRqXFAqY2MHVXTWWcesn9OzZuyNhdXjsgo=",
        "owner": "holochain",
        "repo": "scaffolding",
        "rev": "c245d306110f3a5408f1dbe15d6a3725884ef3f4",
        "type": "github"
      },
      "original": {
        "owner": "holochain",
        "ref": "holochain-0.1",
        "repo": "scaffolding",
        "type": "github"
      }
    },
    "systems": {
      "locked": {
        "lastModified": 1681028828,
        "narHash": "sha256-Vy1rq5AaRuLzOxct8nz4T6wlgyUR7zLU309k9mBC768=",
        "owner": "nix-systems",
        "repo": "default",
        "rev": "da67096a3b9bf56a91d16901293e51ba5b49a27e",
        "type": "github"
      },
      "original": {
        "owner": "nix-systems",
        "repo": "default",
        "type": "github"
      }
    },
    "systems_2": {
      "locked": {
        "lastModified": 1681028828,
        "narHash": "sha256-Vy1rq5AaRuLzOxct8nz4T6wlgyUR7zLU309k9mBC768=",
        "owner": "nix-systems",
        "repo": "default",
        "rev": "da67096a3b9bf56a91d16901293e51ba5b49a27e",
        "type": "github"
      },
      "original": {
        "owner": "nix-systems",
        "repo": "default",
        "type": "github"
      }
    },
    "versions": {
      "inputs": {
        "cargo-chef": "cargo-chef_2",
        "cargo-rdme": "cargo-rdme_2",
        "crane": "crane_2",
        "crate2nix": "crate2nix_2",
        "flake-compat": "flake-compat_4",
        "flake-parts": "flake-parts_2",
        "holochain": [
          "holonix",
          "versions",
          "versions",
          "holochain"
        ],
        "lair": [
          "holonix",
          "versions",
          "versions",
          "lair"
        ],
        "launcher": [
          "holonix",
          "versions",
          "versions",
          "launcher"
        ],
        "nix-filter": "nix-filter_2",
        "nixpkgs": "nixpkgs_2",
        "pre-commit-hooks-nix": "pre-commit-hooks-nix_2",
        "rust-overlay": "rust-overlay_4",
        "scaffolding": [
          "holonix",
          "versions",
          "versions",
          "scaffolding"
        ],
        "versions": "versions_2"
      },
      "locked": {
        "lastModified": 1681428055,
        "narHash": "sha256-/kcQOlWMWsJwGSGDxu6/wyTm8P0+D2DkbqM/TfeUv7g=",
        "owner": "holochain",
        "repo": "holochain",
        "rev": "9c4f10d16b28c977682010746c4a61641ecb68c8",
        "type": "github"
      },
      "original": {
        "dir": "versions/0_1",
        "owner": "holochain",
        "repo": "holochain",
        "type": "github"
      }
    },
    "versions_2": {
      "inputs": {
        "holochain": "holochain",
        "lair": "lair",
        "launcher": "launcher",
        "scaffolding": "scaffolding"
      },
      "locked": {
        "dir": "versions/0_1",
        "lastModified": 1681491581,
        "narHash": "sha256-MBhvKTohB8K3a885arndrga0e2DT9CL0RiwvMmGOXHc=",
        "owner": "holochain",
        "repo": "holochain",
        "rev": "4cc46870aa8647e6e9da8a792788c979049b3218",
        "type": "github"
      },
      "original": {
        "dir": "versions/0_1",
        "owner": "holochain",
        "repo": "holochain",
        "type": "github"
      }
    }
  },
  "root": "root",
  "version": 7
}
