{
  "nodes": {
    "crane": {
      "locked": {
        "lastModified": 1745454774,
        "narHash": "sha256-oLvmxOnsEKGtwczxp/CwhrfmQUG2ym24OMWowcoRhH8=",
        "owner": "ipetkov",
        "repo": "crane",
        "rev": "efd36682371678e2b6da3f108fdb5c613b3ec598",
        "type": "github"
      },
      "original": {
        "owner": "ipetkov",
        "repo": "crane",
        "type": "github"
      }
    },
    "flake-parts": {
      "inputs": {
        "nixpkgs-lib": "nixpkgs-lib"
      },
      "locked": {
        "lastModified": 1743550720,
        "narHash": "sha256-hIshGgKZCgWh6AYJpJmRgFdR3WUbkY04o82X05xqQiY=",
        "owner": "hercules-ci",
        "repo": "flake-parts",
        "rev": "c621e8422220273271f52058f618c94e405bb0f5",
        "type": "github"
      },
      "original": {
        "owner": "hercules-ci",
        "repo": "flake-parts",
        "type": "github"
      }
    },
    "hc-launch": {
      "flake": false,
      "locked": {
        "lastModified": 1744836432,
        "narHash": "sha256-3hvPYn3pYVhKoRMqDQDcm//N6EPrAqWn84Nb7vqK4mo=",
        "owner": "holochain",
        "repo": "hc-launch",
        "rev": "92b4265ebc971cd0e085f9a26f2ae020d605481f",
        "type": "github"
      },
      "original": {
        "owner": "holochain",
        "ref": "holochain-weekly",
        "repo": "hc-launch",
        "type": "github"
      }
    },
    "hc-scaffold": {
      "flake": false,
      "locked": {
        "lastModified": 1743001074,
        "narHash": "sha256-FtFGAFY+d6eEP85PkkyhwD2G9fXx4jrQiNjik3Hyqmk=",
        "owner": "holochain",
        "repo": "scaffolding",
        "rev": "2ad60188fe6a2bba7b68b414f0d6528967d48400",
        "type": "github"
      },
      "original": {
        "owner": "holochain",
        "ref": "holochain-weekly",
        "repo": "scaffolding",
        "type": "github"
      }
    },
    "holochain": {
      "flake": false,
      "locked": {
        "lastModified": 1745368123,
        "narHash": "sha256-X23ZrozkU5tYXLgTAK79c3MYjHbCTVenMu+DVBjM5dE=",
        "owner": "holochain",
        "repo": "holochain",
        "rev": "553a224bc04a218d39c921e6e509f0b81c9c743a",
        "type": "github"
      },
      "original": {
        "owner": "holochain",
        "ref": "holochain-0.6.0-dev.1",
        "repo": "holochain",
        "type": "github"
      }
    },
    "holonix": {
      "inputs": {
        "crane": "crane",
        "flake-parts": "flake-parts",
        "hc-launch": "hc-launch",
        "hc-scaffold": "hc-scaffold",
        "holochain": "holochain",
        "kitsune2": "kitsune2",
        "lair-keystore": "lair-keystore",
        "nixpkgs": "nixpkgs",
        "rust-overlay": "rust-overlay"
      },
      "locked": {
        "lastModified": 1745511855,
        "narHash": "sha256-Lt+x6QJhdTViouP7dHauTf8VLlus7C8VZB3TGcwl+w0=",
        "owner": "holochain",
        "repo": "holonix",
        "rev": "136bd9b6f918c7218c939259ed00edf951f34080",
        "type": "github"
      },
      "original": {
        "owner": "holochain",
        "ref": "main",
        "repo": "holonix",
        "type": "github"
      }
    },
    "kitsune2": {
      "flake": false,
      "locked": {
        "lastModified": 1744924693,
        "narHash": "sha256-d34dVCOXxTOR6bwLLIifD/lNAz90rmrjggUJ6uN+yV0=",
        "owner": "holochain",
        "repo": "kitsune2",
        "rev": "08ef58471ba0a4e3982ff13c5a41ce3cfbcadacd",
        "type": "github"
      },
      "original": {
        "owner": "holochain",
        "ref": "v0.1.5",
        "repo": "kitsune2",
        "type": "github"
      }
    },
    "lair-keystore": {
      "flake": false,
      "locked": {
        "lastModified": 1743699319,
        "narHash": "sha256-TUOS38v5ibCbpVqWWy64p0apeb8QcLdRX4xzHAdtvLA=",
        "owner": "holochain",
        "repo": "lair",
        "rev": "23cd5d1fc9cb1c5bec01621aeef8acae3ce333a6",
        "type": "github"
      },
      "original": {
        "owner": "holochain",
        "ref": "lair_keystore-v0.6.1",
        "repo": "lair",
        "type": "github"
      }
    },
    "nixpkgs": {
      "locked": {
        "lastModified": 1745279238,
        "narHash": "sha256-AQ7M9wTa/Pa/kK5pcGTgX/DGqMHyzsyINfN7ktsI7Fo=",
        "owner": "nixos",
        "repo": "nixpkgs",
        "rev": "9684b53175fc6c09581e94cc85f05ab77464c7e3",
        "type": "github"
      },
      "original": {
        "owner": "nixos",
        "ref": "nixos-24.11",
        "repo": "nixpkgs",
        "type": "github"
      }
    },
    "nixpkgs-lib": {
      "locked": {
        "lastModified": 1743296961,
        "narHash": "sha256-b1EdN3cULCqtorQ4QeWgLMrd5ZGOjLSLemfa00heasc=",
        "owner": "nix-community",
        "repo": "nixpkgs.lib",
        "rev": "e4822aea2a6d1cdd36653c134cacfd64c97ff4fa",
        "type": "github"
      },
      "original": {
        "owner": "nix-community",
        "repo": "nixpkgs.lib",
        "type": "github"
      }
    },
    "root": {
      "inputs": {
        "holonix": "holonix",
        "nixpkgs": [
          "holonix",
          "nixpkgs"
        ]
      }
    },
    "rust-overlay": {
      "inputs": {
        "nixpkgs": [
          "holonix",
          "nixpkgs"
        ]
      },
      "locked": {
        "lastModified": 1745462120,
        "narHash": "sha256-TbVjPOl+Cg5vZ7TIn1KpQ8SOfHKD6OEgu84b6YSCfKE=",
        "owner": "oxalica",
        "repo": "rust-overlay",
        "rev": "79d3acd1a7e67fb9315fa5c5556eb6adf93dc2da",
        "type": "github"
      },
      "original": {
        "owner": "oxalica",
        "repo": "rust-overlay",
        "type": "github"
      }
    }
  },
  "root": "root",
  "version": 7
}
